
Microsoft Visual Studio Solution File, Format Version 12.00
# Visual Studio Version 16
VisualStudioVersion = 16.0.30523.141
MinimumVisualStudioVersion = 10.0.40219.1
Project("{9A19103F-16F7-4668-BE54-9A1E7A4F7556}") = "ConsoleApp", "ConsoleApp\ConsoleApp.csproj", "{A1B8C6B8-5265-4BD9-B7A9-BE53C81C71AB}"
EndProject
Project("{9A19103F-16F7-4668-BE54-9A1E7A4F7556}") = "Globals", "Globals\Globals.csproj", "{1FFE8159-9D6A-4048-ABCA-94AE14AF3C27}"
EndProject
Project("{9A19103F-16F7-4668-BE54-9A1E7A4F7556}") = "Logic", "Logic\Logic.csproj", "{BC99EC1A-62C8-4928-BE8B-91832DA34B80}"
EndProject
Project("{FAE04EC0-301F-11D3-BF4B-00C04F79EFBC}") = "Datalayer", "Datalayer\Datalayer.csproj", "{1531974C-C3AA-464B-8730-43F037C8FCB4}"
EndProject
Global
	GlobalSection(SolutionConfigurationPlatforms) = preSolution
		Debug|Any CPU = Debug|Any CPU
		Release|Any CPU = Release|Any CPU
	EndGlobalSection
	GlobalSection(ProjectConfigurationPlatforms) = postSolution
		{A1B8C6B8-5265-4BD9-B7A9-BE53C81C71AB}.Debug|Any CPU.ActiveCfg = Debug|Any CPU
		{A1B8C6B8-5265-4BD9-B7A9-BE53C81C71AB}.Debug|Any CPU.Build.0 = Debug|Any CPU
		{A1B8C6B8-5265-4BD9-B7A9-BE53C81C71AB}.Release|Any CPU.ActiveCfg = Release|Any CPU
		{A1B8C6B8-5265-4BD9-B7A9-BE53C81C71AB}.Release|Any CPU.Build.0 = Release|Any CPU
		{1FFE8159-9D6A-4048-ABCA-94AE14AF3C27}.Debug|Any CPU.ActiveCfg = Debug|Any CPU
		{1FFE8159-9D6A-4048-ABCA-94AE14AF3C27}.Debug|Any CPU.Build.0 = Debug|Any CPU
		{1FFE8159-9D6A-4048-ABCA-94AE14AF3C27}.Release|Any CPU.ActiveCfg = Release|Any CPU
		{1FFE8159-9D6A-4048-ABCA-94AE14AF3C27}.Release|Any CPU.Build.0 = Release|Any CPU
		{BC99EC1A-62C8-4928-BE8B-91832DA34B80}.Debug|Any CPU.ActiveCfg = Debug|Any CPU
		{BC99EC1A-62C8-4928-BE8B-91832DA34B80}.Debug|Any CPU.Build.0 = Debug|Any CPU
		{BC99EC1A-62C8-4928-BE8B-91832DA34B80}.Release|Any CPU.ActiveCfg = Release|Any CPU
		{BC99EC1A-62C8-4928-BE8B-91832DA34B80}.Release|Any CPU.Build.0 = Release|Any CPU
		{1531974C-C3AA-464B-8730-43F037C8FCB4}.Debug|Any CPU.ActiveCfg = Debug|Any CPU
		{1531974C-C3AA-464B-8730-43F037C8FCB4}.Debug|Any CPU.Build.0 = Debug|Any CPU
		{1531974C-C3AA-464B-8730-43F037C8FCB4}.Release|Any CPU.ActiveCfg = Release|Any CPU
		{1531974C-C3AA-464B-8730-43F037C8FCB4}.Release|Any CPU.Build.0 = Release|Any CPU
	EndGlobalSection
	GlobalSection(SolutionProperties) = preSolution
		HideSolutionNode = FALSE
	EndGlobalSection
	GlobalSection(ExtensibilityGlobals) = postSolution
		SolutionGuid = {B68A8C14-6E86-4F5E-B473-E307A629B233}
	EndGlobalSection
EndGlobal
